
Microsoft Visual Studio Solution File, Format Version 12.00
# Visual Studio Version 16
VisualStudioVersion = 16.0.30907.101
MinimumVisualStudioVersion = 10.0.40219.1
Project("{FAE04EC0-301F-11D3-BF4B-00C04F79EFBC}") = "MVCTutorial", "MVCTutorial.csproj", "{06E6EBCD-BBDC-4F52-A079-F08AD31618A9}"
EndProject
Project("{FAE04EC0-301F-11D3-BF4B-00C04F79EFBC}") = "MVCTutorial.Tests", "..\MVCTutorial.Tests\MVCTutorial.Tests.csproj", "{AA423BCC-D65E-496E-A848-2C06190DBD5D}"
EndProject
Global
	GlobalSection(SolutionConfigurationPlatforms) = preSolution
		Debug|Any CPU = Debug|Any CPU
		Release|Any CPU = Release|Any CPU
	EndGlobalSection
	GlobalSection(ProjectConfigurationPlatforms) = postSolution
		{06E6EBCD-BBDC-4F52-A079-F08AD31618A9}.Debug|Any CPU.ActiveCfg = Debug|Any CPU
		{06E6EBCD-BBDC-4F52-A079-F08AD31618A9}.Debug|Any CPU.Build.0 = Debug|Any CPU
		{06E6EBCD-BBDC-4F52-A079-F08AD31618A9}.Release|Any CPU.ActiveCfg = Release|Any CPU
		{06E6EBCD-BBDC-4F52-A079-F08AD31618A9}.Release|Any CPU.Build.0 = Release|Any CPU
		{AA423BCC-D65E-496E-A848-2C06190DBD5D}.Debug|Any CPU.ActiveCfg = Debug|Any CPU
		{AA423BCC-D65E-496E-A848-2C06190DBD5D}.Debug|Any CPU.Build.0 = Debug|Any CPU
		{AA423BCC-D65E-496E-A848-2C06190DBD5D}.Release|Any CPU.ActiveCfg = Release|Any CPU
		{AA423BCC-D65E-496E-A848-2C06190DBD5D}.Release|Any CPU.Build.0 = Release|Any CPU
	EndGlobalSection
	GlobalSection(SolutionProperties) = preSolution
		HideSolutionNode = FALSE
	EndGlobalSection
	GlobalSection(ExtensibilityGlobals) = postSolution
		SolutionGuid = {3AF1D4D3-E4F8-48CD-BC41-58E8803C2B38}
	EndGlobalSection
EndGlobal
